
Microsoft Visual Studio Solution File, Format Version 12.00
# Visual Studio Version 16
VisualStudioVersion = 16.0.30002.166
MinimumVisualStudioVersion = 10.0.40219.1
Project("{8BC9CEB8-8B4A-11D0-8D11-00A0C91BC942}") = "GlitterStudio", "GlitterStudio\Glitter.vcxproj", "{961A59B6-D7AB-4199-BA48-90E5DBB15B22}"
	ProjectSection(ProjectDependencies) = postProject
		{D0752F13-2B1F-4FFF-9C09-DE4E474E6C3C} = {D0752F13-2B1F-4FFF-9C09-DE4E474E6C3C}
		{AD80AD82-D304-47B6-AE41-2FE5529E6472} = {AD80AD82-D304-47B6-AE41-2FE5529E6472}
	EndProjectSection
EndProject
Project("{8BC9CEB8-8B4A-11D0-8D11-00A0C91BC942}") = "GlitterExternals", "GlitterExternals\GlitterLibExternals.vcxproj", "{D0752F13-2B1F-4FFF-9C09-DE4E474E6C3C}"
EndProject
Project("{8BC9CEB8-8B4A-11D0-8D11-00A0C91BC942}") = "GlitterLib", "GlitterLib\GlitterLib.vcxproj", "{AD80AD82-D304-47B6-AE41-2FE5529E6472}"
EndProject
Global
	GlobalSection(SolutionConfigurationPlatforms) = preSolution
		Debug|x64 = Debug|x64
		Debug|x86 = Debug|x86
		Release|x64 = Release|x64
		Release|x86 = Release|x86
	EndGlobalSection
	GlobalSection(ProjectConfigurationPlatforms) = postSolution
		{961A59B6-D7AB-4199-BA48-90E5DBB15B22}.Debug|x64.ActiveCfg = Debug|x64
		{961A59B6-D7AB-4199-BA48-90E5DBB15B22}.Debug|x64.Build.0 = Debug|x64
		{961A59B6-D7AB-4199-BA48-90E5DBB15B22}.Debug|x86.ActiveCfg = Debug|Win32
		{961A59B6-D7AB-4199-BA48-90E5DBB15B22}.Debug|x86.Build.0 = Debug|Win32
		{961A59B6-D7AB-4199-BA48-90E5DBB15B22}.Release|x64.ActiveCfg = Release|x64
		{961A59B6-D7AB-4199-BA48-90E5DBB15B22}.Release|x64.Build.0 = Release|x64
		{961A59B6-D7AB-4199-BA48-90E5DBB15B22}.Release|x86.ActiveCfg = Release|Win32
		{961A59B6-D7AB-4199-BA48-90E5DBB15B22}.Release|x86.Build.0 = Release|Win32
		{D0752F13-2B1F-4FFF-9C09-DE4E474E6C3C}.Debug|x64.ActiveCfg = Debug|x64
		{D0752F13-2B1F-4FFF-9C09-DE4E474E6C3C}.Debug|x64.Build.0 = Debug|x64
		{D0752F13-2B1F-4FFF-9C09-DE4E474E6C3C}.Debug|x86.ActiveCfg = Debug|Win32
		{D0752F13-2B1F-4FFF-9C09-DE4E474E6C3C}.Debug|x86.Build.0 = Debug|Win32
		{D0752F13-2B1F-4FFF-9C09-DE4E474E6C3C}.Release|x64.ActiveCfg = Release|x64
		{D0752F13-2B1F-4FFF-9C09-DE4E474E6C3C}.Release|x64.Build.0 = Release|x64
		{D0752F13-2B1F-4FFF-9C09-DE4E474E6C3C}.Release|x86.ActiveCfg = Release|Win32
		{D0752F13-2B1F-4FFF-9C09-DE4E474E6C3C}.Release|x86.Build.0 = Release|Win32
		{AD80AD82-D304-47B6-AE41-2FE5529E6472}.Debug|x64.ActiveCfg = Debug|x64
		{AD80AD82-D304-47B6-AE41-2FE5529E6472}.Debug|x64.Build.0 = Debug|x64
		{AD80AD82-D304-47B6-AE41-2FE5529E6472}.Debug|x86.ActiveCfg = Debug|Win32
		{AD80AD82-D304-47B6-AE41-2FE5529E6472}.Debug|x86.Build.0 = Debug|Win32
		{AD80AD82-D304-47B6-AE41-2FE5529E6472}.Release|x64.ActiveCfg = Release|x64
		{AD80AD82-D304-47B6-AE41-2FE5529E6472}.Release|x64.Build.0 = Release|x64
		{AD80AD82-D304-47B6-AE41-2FE5529E6472}.Release|x86.ActiveCfg = Release|Win32
		{AD80AD82-D304-47B6-AE41-2FE5529E6472}.Release|x86.Build.0 = Release|Win32
	EndGlobalSection
	GlobalSection(SolutionProperties) = preSolution
		HideSolutionNode = FALSE
	EndGlobalSection
	GlobalSection(ExtensibilityGlobals) = postSolution
		SolutionGuid = {1FCF760C-26B0-45C2-B832-674F1D9A4416}
	EndGlobalSection
EndGlobal
